
Microsoft Visual Studio Solution File, Format Version 12.00
# Visual Studio 15
VisualStudioVersion = 15.0.27703.2000
MinimumVisualStudioVersion = 10.0.40219.1
Project("{FAE04EC0-301F-11D3-BF4B-00C04F79EFBC}") = "Shapes", "Shapes\Shapes.csproj", "{6B715A7F-57FA-4BF7-93C4-790393B6FA2E}"
EndProject
Project("{FAE04EC0-301F-11D3-BF4B-00C04F79EFBC}") = "Shapes.Tests", "Shapes.Tests\Shapes.Tests.csproj", "{1EF887F3-F5EE-4403-955A-01F393BE1079}"
EndProject
Global
	GlobalSection(SolutionConfigurationPlatforms) = preSolution
		Debug|Any CPU = Debug|Any CPU
		Release|Any CPU = Release|Any CPU
	EndGlobalSection
	GlobalSection(ProjectConfigurationPlatforms) = postSolution
		{6B715A7F-57FA-4BF7-93C4-790393B6FA2E}.Debug|Any CPU.ActiveCfg = Debug|Any CPU
		{6B715A7F-57FA-4BF7-93C4-790393B6FA2E}.Debug|Any CPU.Build.0 = Debug|Any CPU
		{6B715A7F-57FA-4BF7-93C4-790393B6FA2E}.Release|Any CPU.ActiveCfg = Release|Any CPU
		{6B715A7F-57FA-4BF7-93C4-790393B6FA2E}.Release|Any CPU.Build.0 = Release|Any CPU
		{1EF887F3-F5EE-4403-955A-01F393BE1079}.Debug|Any CPU.ActiveCfg = Debug|Any CPU
		{1EF887F3-F5EE-4403-955A-01F393BE1079}.Debug|Any CPU.Build.0 = Debug|Any CPU
		{1EF887F3-F5EE-4403-955A-01F393BE1079}.Release|Any CPU.ActiveCfg = Release|Any CPU
		{1EF887F3-F5EE-4403-955A-01F393BE1079}.Release|Any CPU.Build.0 = Release|Any CPU
	EndGlobalSection
	GlobalSection(SolutionProperties) = preSolution
		HideSolutionNode = FALSE
	EndGlobalSection
	GlobalSection(ExtensibilityGlobals) = postSolution
		SolutionGuid = {328B381C-80C9-4DD3-8DBD-C7B1182306C3}
	EndGlobalSection
EndGlobal
